// !$*UTF8*$!
{
	archiveVersion = 1;
	classes = {
	};
	objectVersion = 46;
	objects = {

/* Begin PBXBuildFile section */
		61A2335418E6A80300E7C8DC /* Foundation.framework in Frameworks */ = {isa = PBXBuildFile; fileRef = 61A2335318E6A80300E7C8DC /* Foundation.framework */; };
		61A2335618E6A80300E7C8DC /* CoreGraphics.framework in Frameworks */ = {isa = PBXBuildFile; fileRef = 61A2335518E6A80300E7C8DC /* CoreGraphics.framework */; };
		61A2335818E6A80300E7C8DC /* UIKit.framework in Frameworks */ = {isa = PBXBuildFile; fileRef = 61A2335718E6A80300E7C8DC /* UIKit.framework */; };
		61A2335E18E6A80300E7C8DC /* InfoPlist.strings in Resources */ = {isa = PBXBuildFile; fileRef = 61A2335C18E6A80300E7C8DC /* InfoPlist.strings */; };
		61A2336018E6A80300E7C8DC /* main.m in Sources */ = {isa = PBXBuildFile; fileRef = 61A2335F18E6A80300E7C8DC /* main.m */; };
		61A2336418E6A80300E7C8DC /* TestSwitchAppDelegate.m in Sources */ = {isa = PBXBuildFile; fileRef = 61A2336318E6A80300E7C8DC /* TestSwitchAppDelegate.m */; };
		61A2336618E6A80300E7C8DC /* Images.xcassets in Resources */ = {isa = PBXBuildFile; fileRef = 61A2336518E6A80300E7C8DC /* Images.xcassets */; };
		61A2336D18E6A80300E7C8DC /* XCTest.framework in Frameworks */ = {isa = PBXBuildFile; fileRef = 61A2336C18E6A80300E7C8DC /* XCTest.framework */; };
		61A2336E18E6A80300E7C8DC /* Foundation.framework in Frameworks */ = {isa = PBXBuildFile; fileRef = 61A2335318E6A80300E7C8DC /* Foundation.framework */; };
		61A2336F18E6A80300E7C8DC /* UIKit.framework in Frameworks */ = {isa = PBXBuildFile; fileRef = 61A2335718E6A80300E7C8DC /* UIKit.framework */; };
		61A2337718E6A80300E7C8DC /* InfoPlist.strings in Resources */ = {isa = PBXBuildFile; fileRef = 61A2337518E6A80300E7C8DC /* InfoPlist.strings */; };
		61A2337918E6A80300E7C8DC /* TestSwitchTests.m in Sources */ = {isa = PBXBuildFile; fileRef = 61A2337818E6A80300E7C8DC /* TestSwitchTests.m */; };
/* End PBXBuildFile section */

/* Begin PBXContainerItemProxy section */
		61A2337018E6A80300E7C8DC /* PBXContainerItemProxy */ = {
			isa = PBXContainerItemProxy;
			containerPortal = 61A2334818E6A80200E7C8DC /* Project object */;
			proxyType = 1;
			remoteGlobalIDString = 61A2334F18E6A80300E7C8DC;
			remoteInfo = TestSwitch;
		};
/* End PBXContainerItemProxy section */

/* Begin PBXFileReference section */
		61A2335018E6A80300E7C8DC /* TestSwitch.app */ = {isa = PBXFileReference; explicitFileType = wrapper.application; includeInIndex = 0; path = TestSwitch.app; sourceTree = BUILT_PRODUCTS_DIR; };
		61A2335318E6A80300E7C8DC /* Foundation.framework */ = {isa = PBXFileReference; lastKnownFileType = wrapper.framework; name = Foundation.framework; path = System/Library/Frameworks/Foundation.framework; sourceTree = SDKROOT; };
		61A2335518E6A80300E7C8DC /* CoreGraphics.framework */ = {isa = PBXFileReference; lastKnownFileType = wrapper.framework; name = CoreGraphics.framework; path = System/Library/Frameworks/CoreGraphics.framework; sourceTree = SDKROOT; };
		61A2335718E6A80300E7C8DC /* UIKit.framework */ = {isa = PBXFileReference; lastKnownFileType = wrapper.framework; name = UIKit.framework; path = System/Library/Frameworks/UIKit.framework; sourceTree = SDKROOT; };
		61A2335B18E6A80300E7C8DC /* TestSwitch-Info.plist */ = {isa = PBXFileReference; lastKnownFileType = text.plist.xml; path = "TestSwitch-Info.plist"; sourceTree = "<group>"; };
		61A2335D18E6A80300E7C8DC /* en */ = {isa = PBXFileReference; lastKnownFileType = text.plist.strings; name = en; path = en.lproj/InfoPlist.strings; sourceTree = "<group>"; };
		61A2335F18E6A80300E7C8DC /* main.m */ = {isa = PBXFileReference; lastKnownFileType = sourcecode.c.objc; path = main.m; sourceTree = "<group>"; };
		61A2336118E6A80300E7C8DC /* TestSwitch-Prefix.pch */ = {isa = PBXFileReference; lastKnownFileType = sourcecode.c.h; path = "TestSwitch-Prefix.pch"; sourceTree = "<group>"; };
		61A2336218E6A80300E7C8DC /* TestSwitchAppDelegate.h */ = {isa = PBXFileReference; lastKnownFileType = sourcecode.c.h; path = TestSwitchAppDelegate.h; sourceTree = "<group>"; };
		61A2336318E6A80300E7C8DC /* TestSwitchAppDelegate.m */ = {isa = PBXFileReference; lastKnownFileType = sourcecode.c.objc; path = TestSwitchAppDelegate.m; sourceTree = "<group>"; };
		61A2336518E6A80300E7C8DC /* Images.xcassets */ = {isa = PBXFileReference; lastKnownFileType = folder.assetcatalog; path = Images.xcassets; sourceTree = "<group>"; };
		61A2336B18E6A80300E7C8DC /* TestSwitchTests.xctest */ = {isa = PBXFileReference; explicitFileType = wrapper.cfbundle; includeInIndex = 0; path = TestSwitchTests.xctest; sourceTree = BUILT_PRODUCTS_DIR; };
		61A2336C18E6A80300E7C8DC /* XCTest.framework */ = {isa = PBXFileReference; lastKnownFileType = wrapper.framework; name = XCTest.framework; path = Library/Frameworks/XCTest.framework; sourceTree = DEVELOPER_DIR; };
		61A2337418E6A80300E7C8DC /* TestSwitchTests-Info.plist */ = {isa = PBXFileReference; lastKnownFileType = text.plist.xml; path = "TestSwitchTests-Info.plist"; sourceTree = "<group>"; };
		61A2337618E6A80300E7C8DC /* en */ = {isa = PBXFileReference; lastKnownFileType = text.plist.strings; name = en; path = en.lproj/InfoPlist.strings; sourceTree = "<group>"; };
		61A2337818E6A80300E7C8DC /* TestSwitchTests.m */ = {isa = PBXFileReference; lastKnownFileType = sourcecode.c.objc; path = TestSwitchTests.m; sourceTree = "<group>"; };
/* End PBXFileReference section */

/* Begin PBXFrameworksBuildPhase section */
		61A2334D18E6A80300E7C8DC /* Frameworks */ = {
			isa = PBXFrameworksBuildPhase;
			buildActionMask = 2147483647;
			files = (
				61A2335618E6A80300E7C8DC /* CoreGraphics.framework in Frameworks */,
				61A2335818E6A80300E7C8DC /* UIKit.framework in Frameworks */,
				61A2335418E6A80300E7C8DC /* Foundation.framework in Frameworks */,
			);
			runOnlyForDeploymentPostprocessing = 0;
		};
		61A2336818E6A80300E7C8DC /* Frameworks */ = {
			isa = PBXFrameworksBuildPhase;
			buildActionMask = 2147483647;
			files = (
				61A2336D18E6A80300E7C8DC /* XCTest.framework in Frameworks */,
				61A2336F18E6A80300E7C8DC /* UIKit.framework in Frameworks */,
				61A2336E18E6A80300E7C8DC /* Foundation.framework in Frameworks */,
			);
			runOnlyForDeploymentPostprocessing = 0;
		};
/* End PBXFrameworksBuildPhase section */

/* Begin PBXGroup section */
		61A2334718E6A80200E7C8DC = {
			isa = PBXGroup;
			children = (
				61A2335918E6A80300E7C8DC /* TestSwitch */,
				61A2337218E6A80300E7C8DC /* TestSwitchTests */,
				61A2335218E6A80300E7C8DC /* Frameworks */,
				61A2335118E6A80300E7C8DC /* Products */,
			);
			sourceTree = "<group>";
		};
		61A2335118E6A80300E7C8DC /* Products */ = {
			isa = PBXGroup;
			children = (
				61A2335018E6A80300E7C8DC /* TestSwitch.app */,
				61A2336B18E6A80300E7C8DC /* TestSwitchTests.xctest */,
			);
			name = Products;
			sourceTree = "<group>";
		};
		61A2335218E6A80300E7C8DC /* Frameworks */ = {
			isa = PBXGroup;
			children = (
				61A2335318E6A80300E7C8DC /* Foundation.framework */,
				61A2335518E6A80300E7C8DC /* CoreGraphics.framework */,
				61A2335718E6A80300E7C8DC /* UIKit.framework */,
				61A2336C18E6A80300E7C8DC /* XCTest.framework */,
			);
			name = Frameworks;
			sourceTree = "<group>";
		};
		61A2335918E6A80300E7C8DC /* TestSwitch */ = {
			isa = PBXGroup;
			children = (
				61A2336218E6A80300E7C8DC /* TestSwitchAppDelegate.h */,
				61A2336318E6A80300E7C8DC /* TestSwitchAppDelegate.m */,
				61A2336518E6A80300E7C8DC /* Images.xcassets */,
				61A2335A18E6A80300E7C8DC /* Supporting Files */,
			);
			path = TestSwitch;
			sourceTree = "<group>";
		};
		61A2335A18E6A80300E7C8DC /* Supporting Files */ = {
			isa = PBXGroup;
			children = (
				61A2335B18E6A80300E7C8DC /* TestSwitch-Info.plist */,
				61A2335C18E6A80300E7C8DC /* InfoPlist.strings */,
				61A2335F18E6A80300E7C8DC /* main.m */,
				61A2336118E6A80300E7C8DC /* TestSwitch-Prefix.pch */,
			);
			name = "Supporting Files";
			sourceTree = "<group>";
		};
		61A2337218E6A80300E7C8DC /* TestSwitchTests */ = {
			isa = PBXGroup;
			children = (
				61A2337818E6A80300E7C8DC /* TestSwitchTests.m */,
				61A2337318E6A80300E7C8DC /* Supporting Files */,
			);
			path = TestSwitchTests;
			sourceTree = "<group>";
		};
		61A2337318E6A80300E7C8DC /* Supporting Files */ = {
			isa = PBXGroup;
			children = (
				61A2337418E6A80300E7C8DC /* TestSwitchTests-Info.plist */,
				61A2337518E6A80300E7C8DC /* InfoPlist.strings */,
			);
			name = "Supporting Files";
			sourceTree = "<group>";
		};
/* End PBXGroup section */

/* Begin PBXNativeTarget section */
		61A2334F18E6A80300E7C8DC /* TestSwitch */ = {
			isa = PBXNativeTarget;
			buildConfigurationList = 61A2337C18E6A80300E7C8DC /* Build configuration list for PBXNativeTarget "TestSwitch" */;
			buildPhases = (
				61A2334C18E6A80300E7C8DC /* Sources */,
				61A2334D18E6A80300E7C8DC /* Frameworks */,
				61A2334E18E6A80300E7C8DC /* Resources */,
			);
			buildRules = (
			);
			dependencies = (
			);
			name = TestSwitch;
			productName = TestSwitch;
			productReference = 61A2335018E6A80300E7C8DC /* TestSwitch.app */;
			productType = "com.apple.product-type.application";
		};
		61A2336A18E6A80300E7C8DC /* TestSwitchTests */ = {
			isa = PBXNativeTarget;
			buildConfigurationList = 61A2337F18E6A80300E7C8DC /* Build configuration list for PBXNativeTarget "TestSwitchTests" */;
			buildPhases = (
				61A2336718E6A80300E7C8DC /* Sources */,
				61A2336818E6A80300E7C8DC /* Frameworks */,
				61A2336918E6A80300E7C8DC /* Resources */,
			);
			buildRules = (
			);
			dependencies = (
				61A2337118E6A80300E7C8DC /* PBXTargetDependency */,
			);
			name = TestSwitchTests;
			productName = TestSwitchTests;
			productReference = 61A2336B18E6A80300E7C8DC /* TestSwitchTests.xctest */;
			productType = "com.apple.product-type.bundle.unit-test";
		};
/* End PBXNativeTarget section */

/* Begin PBXProject section */
		61A2334818E6A80200E7C8DC /* Project object */ = {
			isa = PBXProject;
			attributes = {
				CLASSPREFIX = TestSwitch;
				LastUpgradeCheck = 0510;
				ORGANIZATIONNAME = "张兰";
				TargetAttributes = {
					61A2336A18E6A80300E7C8DC = {
						TestTargetID = 61A2334F18E6A80300E7C8DC;
					};
				};
			};
			buildConfigurationList = 61A2334B18E6A80200E7C8DC /* Build configuration list for PBXProject "TestSwitch" */;
			compatibilityVersion = "Xcode 3.2";
			developmentRegion = English;
			hasScannedForEncodings = 0;
			knownRegions = (
				en,
			);
			mainGroup = 61A2334718E6A80200E7C8DC;
			productRefGroup = 61A2335118E6A80300E7C8DC /* Products */;
			projectDirPath = "";
			projectRoot = "";
			targets = (
				61A2334F18E6A80300E7C8DC /* TestSwitch */,
				61A2336A18E6A80300E7C8DC /* TestSwitchTests */,
			);
		};
/* End PBXProject section */

/* Begin PBXResourcesBuildPhase section */
		61A2334E18E6A80300E7C8DC /* Resources */ = {
			isa = PBXResourcesBuildPhase;
			buildActionMask = 2147483647;
			files = (
				61A2335E18E6A80300E7C8DC /* InfoPlist.strings in Resources */,
				61A2336618E6A80300E7C8DC /* Images.xcassets in Resources */,
			);
			runOnlyForDeploymentPostprocessing = 0;
		};
		61A2336918E6A80300E7C8DC /* Resources */ = {
			isa = PBXResourcesBuildPhase;
			buildActionMask = 2147483647;
			files = (
				61A2337718E6A80300E7C8DC /* InfoPlist.strings in Resources */,
			);
			runOnlyForDeploymentPostprocessing = 0;
		};
/* End PBXResourcesBuildPhase section */

/* Begin PBXSourcesBuildPhase section */
		61A2334C18E6A80300E7C8DC /* Sources */ = {
			isa = PBXSourcesBuildPhase;
			buildActionMask = 2147483647;
			files = (
				61A2336418E6A80300E7C8DC /* TestSwitchAppDelegate.m in Sources */,
				61A2336018E6A80300E7C8DC /* main.m in Sources */,
			);
			runOnlyForDeploymentPostprocessing = 0;
		};
		61A2336718E6A80300E7C8DC /* Sources */ = {
			isa = PBXSourcesBuildPhase;
			buildActionMask = 2147483647;
			files = (
				61A2337918E6A80300E7C8DC /* TestSwitchTests.m in Sources */,
			);
			runOnlyForDeploymentPostprocessing = 0;
		};
/* End PBXSourcesBuildPhase section */

/* Begin PBXTargetDependency section */
		61A2337118E6A80300E7C8DC /* PBXTargetDependency */ = {
			isa = PBXTargetDependency;
			target = 61A2334F18E6A80300E7C8DC /* TestSwitch */;
			targetProxy = 61A2337018E6A80300E7C8DC /* PBXContainerItemProxy */;
		};
/* End PBXTargetDependency section */

/* Begin PBXVariantGroup section */
		61A2335C18E6A80300E7C8DC /* InfoPlist.strings */ = {
			isa = PBXVariantGroup;
			children = (
				61A2335D18E6A80300E7C8DC /* en */,
			);
			name = InfoPlist.strings;
			sourceTree = "<group>";
		};
		61A2337518E6A80300E7C8DC /* InfoPlist.strings */ = {
			isa = PBXVariantGroup;
			children = (
				61A2337618E6A80300E7C8DC /* en */,
			);
			name = InfoPlist.strings;
			sourceTree = "<group>";
		};
/* End PBXVariantGroup section */

/* Begin XCBuildConfiguration section */
		61A2337A18E6A80300E7C8DC /* Debug */ = {
			isa = XCBuildConfiguration;
			buildSettings = {
				ALWAYS_SEARCH_USER_PATHS = NO;
				CLANG_CXX_LANGUAGE_STANDARD = "gnu++0x";
				CLANG_CXX_LIBRARY = "libc++";
				CLANG_ENABLE_MODULES = YES;
				CLANG_ENABLE_OBJC_ARC = YES;
				CLANG_WARN_BOOL_CONVERSION = YES;
				CLANG_WARN_CONSTANT_CONVERSION = YES;
				CLANG_WARN_DIRECT_OBJC_ISA_USAGE = YES_ERROR;
				CLANG_WARN_EMPTY_BODY = YES;
				CLANG_WARN_ENUM_CONVERSION = YES;
				CLANG_WARN_INT_CONVERSION = YES;
				CLANG_WARN_OBJC_ROOT_CLASS = YES_ERROR;
				CLANG_WARN__DUPLICATE_METHOD_MATCH = YES;
				"CODE_SIGN_IDENTITY[sdk=iphoneos*]" = "iPhone Developer";
				COPY_PHASE_STRIP = NO;
				GCC_C_LANGUAGE_STANDARD = gnu99;
				GCC_DYNAMIC_NO_PIC = NO;
				GCC_OPTIMIZATION_LEVEL = 0;
				GCC_PREPROCESSOR_DEFINITIONS = (
					"DEBUG=1",
					"$(inherited)",
				);
				GCC_SYMBOLS_PRIVATE_EXTERN = NO;
				GCC_WARN_64_TO_32_BIT_CONVERSION = YES;
				GCC_WARN_ABOUT_RETURN_TYPE = YES_ERROR;
				GCC_WARN_UNDECLARED_SELECTOR = YES;
				GCC_WARN_UNINITIALIZED_AUTOS = YES_AGGRESSIVE;
				GCC_WARN_UNUSED_FUNCTION = YES;
				GCC_WARN_UNUSED_VARIABLE = YES;
				IPHONEOS_DEPLOYMENT_TARGET = 7.1;
				ONLY_ACTIVE_ARCH = YES;
				SDKROOT = iphoneos;
				TARGETED_DEVICE_FAMILY = "1,2";
			};
			name = Debug;
		};
		61A2337B18E6A80300E7C8DC /* Release */ = {
			isa = XCBuildConfiguration;
			buildSettings = {
				ALWAYS_SEARCH_USER_PATHS = NO;
				CLANG_CXX_LANGUAGE_STANDARD = "gnu++0x";
				CLANG_CXX_LIBRARY = "libc++";
				CLANG_ENABLE_MODULES = YES;
				CLANG_ENABLE_OBJC_ARC = YES;
				CLANG_WARN_BOOL_CONVERSION = YES;
				CLANG_WARN_CONSTANT_CONVERSION = YES;
				CLANG_WARN_DIRECT_OBJC_ISA_USAGE = YES_ERROR;
				CLANG_WARN_EMPTY_BODY = YES;
				CLANG_WARN_ENUM_CONVERSION = YES;
				CLANG_WARN_INT_CONVERSION = YES;
				CLANG_WARN_OBJC_ROOT_CLASS = YES_ERROR;
				CLANG_WARN__DUPLICATE_METHOD_MATCH = YES;
				"CODE_SIGN_IDENTITY[sdk=iphoneos*]" = "iPhone Developer";
				COPY_PHASE_STRIP = YES;
				ENABLE_NS_ASSERTIONS = NO;
				GCC_C_LANGUAGE_STANDARD = gnu99;
				GCC_WARN_64_TO_32_BIT_CONVERSION = YES;
				GCC_WARN_ABOUT_RETURN_TYPE = YES_ERROR;
				GCC_WARN_UNDECLARED_SELECTOR = YES;
				GCC_WARN_UNINITIALIZED_AUTOS = YES_AGGRESSIVE;
				GCC_WARN_UNUSED_FUNCTION = YES;
				GCC_WARN_UNUSED_VARIABLE = YES;
				IPHONEOS_DEPLOYMENT_TARGET = 7.1;
				SDKROOT = iphoneos;
				TARGETED_DEVICE_FAMILY = "1,2";
				VALIDATE_PRODUCT = YES;
			};
			name = Release;
		};
		61A2337D18E6A80300E7C8DC /* Debug */ = {
			isa = XCBuildConfiguration;
			buildSettings = {
				ASSETCATALOG_COMPILER_APPICON_NAME = AppIcon;
				ASSETCATALOG_COMPILER_LAUNCHIMAGE_NAME = LaunchImage;
				GCC_PRECOMPILE_PREFIX_HEADER = YES;
				GCC_PREFIX_HEADER = "TestSwitch/TestSwitch-Prefix.pch";
				INFOPLIST_FILE = "TestSwitch/TestSwitch-Info.plist";
				PRODUCT_NAME = "$(TARGET_NAME)";
				WRAPPER_EXTENSION = app;
			};
			name = Debug;
		};
		61A2337E18E6A80300E7C8DC /* Release */ = {
			isa = XCBuildConfiguration;
			buildSettings = {
				ASSETCATALOG_COMPILER_APPICON_NAME = AppIcon;
				ASSETCATALOG_COMPILER_LAUNCHIMAGE_NAME = LaunchImage;
				GCC_PRECOMPILE_PREFIX_HEADER = YES;
				GCC_PREFIX_HEADER = "TestSwitch/TestSwitch-Prefix.pch";
				INFOPLIST_FILE = "TestSwitch/TestSwitch-Info.plist";
				PRODUCT_NAME = "$(TARGET_NAME)";
				WRAPPER_EXTENSION = app;
			};
			name = Release;
		};
		61A2338018E6A80300E7C8DC /* Debug */ = {
			isa = XCBuildConfiguration;
			buildSettings = {
				BUNDLE_LOADER = "$(BUILT_PRODUCTS_DIR)/TestSwitch.app/TestSwitch";
				FRAMEWORK_SEARCH_PATHS = (
					"$(SDKROOT)/Developer/Library/Frameworks",
					"$(inherited)",
					"$(DEVELOPER_FRAMEWORKS_DIR)",
				);
				GCC_PRECOMPILE_PREFIX_HEADER = YES;
				GCC_PREFIX_HEADER = "TestSwitch/TestSwitch-Prefix.pch";
				GCC_PREPROCESSOR_DEFINITIONS = (
					"DEBUG=1",
					"$(inherited)",
				);
				INFOPLIST_FILE = "TestSwitchTests/TestSwitchTests-Info.plist";
				PRODUCT_NAME = "$(TARGET_NAME)";
				TEST_HOST = "$(BUNDLE_LOADER)";
				WRAPPER_EXTENSION = xctest;
			};
			name = Debug;
		};
		61A2338118E6A80300E7C8DC /* Release */ = {
			isa = XCBuildConfiguration;
			buildSettings = {
				BUNDLE_LOADER = "$(BUILT_PRODUCTS_DIR)/TestSwitch.app/TestSwitch";
				FRAMEWORK_SEARCH_PATHS = (
					"$(SDKROOT)/Developer/Library/Frameworks",
					"$(inherited)",
					"$(DEVELOPER_FRAMEWORKS_DIR)",
				);
				GCC_PRECOMPILE_PREFIX_HEADER = YES;
				GCC_PREFIX_HEADER = "TestSwitch/TestSwitch-Prefix.pch";
				INFOPLIST_FILE = "TestSwitchTests/TestSwitchTests-Info.plist";
				PRODUCT_NAME = "$(TARGET_NAME)";
				TEST_HOST = "$(BUNDLE_LOADER)";
				WRAPPER_EXTENSION = xctest;
			};
			name = Release;
		};
/* End XCBuildConfiguration section */

/* Begin XCConfigurationList section */
		61A2334B18E6A80200E7C8DC /* Build configuration list for PBXProject "TestSwitch" */ = {
			isa = XCConfigurationList;
			buildConfigurations = (
				61A2337A18E6A80300E7C8DC /* Debug */,
				61A2337B18E6A80300E7C8DC /* Release */,
			);
			defaultConfigurationIsVisible = 0;
			defaultConfigurationName = Release;
		};
		61A2337C18E6A80300E7C8DC /* Build configuration list for PBXNativeTarget "TestSwitch" */ = {
			isa = XCConfigurationList;
			buildConfigurations = (
				61A2337D18E6A80300E7C8DC /* Debug */,
				61A2337E18E6A80300E7C8DC /* Release */,
			);
			defaultConfigurationIsVisible = 0;
		};
		61A2337F18E6A80300E7C8DC /* Build configuration list for PBXNativeTarget "TestSwitchTests" */ = {
			isa = XCConfigurationList;
			buildConfigurations = (
				61A2338018E6A80300E7C8DC /* Debug */,
				61A2338118E6A80300E7C8DC /* Release */,
			);
			defaultConfigurationIsVisible = 0;
		};
/* End XCConfigurationList section */
	};
	rootObject = 61A2334818E6A80200E7C8DC /* Project object */;
}
